// !$*UTF8*$!
{
	archiveVersion = 1;
	classes = {
	};
	objectVersion = 77;
	objects = {

/* Begin PBXBuildFile section */
		709D8CA02CAA223D00E7068F /* SVProgressHUD in Frameworks */ = {isa = PBXBuildFile; productRef = 709D8C9F2CAA223D00E7068F /* SVProgressHUD */; };
		709D8CA22CAA22A200E7068F /* Lottie in Frameworks */ = {isa = PBXBuildFile; productRef = 709D8CA12CAA22A200E7068F /* Lottie */; };
/* End PBXBuildFile section */

/* Begin PBXContainerItemProxy section */
		709123D82CA879FD003120A7 /* PBXContainerItemProxy */ = {
			isa = PBXContainerItemProxy;
			containerPortal = 709123B92CA879FC003120A7 /* Project object */;
			proxyType = 1;
			remoteGlobalIDString = 709123C02CA879FC003120A7;
			remoteInfo = MediBuddy;
		};
		709123E22CA879FD003120A7 /* PBXContainerItemProxy */ = {
			isa = PBXContainerItemProxy;
			containerPortal = 709123B92CA879FC003120A7 /* Project object */;
			proxyType = 1;
			remoteGlobalIDString = 709123C02CA879FC003120A7;
			remoteInfo = MediBuddy;
		};
/* End PBXContainerItemProxy section */

/* Begin PBXFileReference section */
		709123C12CA879FC003120A7 /* MediBuddy.app */ = {isa = PBXFileReference; explicitFileType = wrapper.application; includeInIndex = 0; path = MediBuddy.app; sourceTree = BUILT_PRODUCTS_DIR; };
		709123D72CA879FD003120A7 /* MediBuddyTests.xctest */ = {isa = PBXFileReference; explicitFileType = wrapper.cfbundle; includeInIndex = 0; path = MediBuddyTests.xctest; sourceTree = BUILT_PRODUCTS_DIR; };
		709123E12CA879FD003120A7 /* MediBuddyUITests.xctest */ = {isa = PBXFileReference; explicitFileType = wrapper.cfbundle; includeInIndex = 0; path = MediBuddyUITests.xctest; sourceTree = BUILT_PRODUCTS_DIR; };
/* End PBXFileReference section */

/* Begin PBXFileSystemSynchronizedBuildFileExceptionSet section */
		709123E92CA879FD003120A7 /* Exceptions for "MediBuddy" folder in "MediBuddy" target */ = {
			isa = PBXFileSystemSynchronizedBuildFileExceptionSet;
			membershipExceptions = (
				Info.plist,
			);
			target = 709123C02CA879FC003120A7 /* MediBuddy */;
		};
/* End PBXFileSystemSynchronizedBuildFileExceptionSet section */

/* Begin PBXFileSystemSynchronizedRootGroup section */
		709123C32CA879FC003120A7 /* MediBuddy */ = {
			isa = PBXFileSystemSynchronizedRootGroup;
			exceptions = (
				709123E92CA879FD003120A7 /* Exceptions for "MediBuddy" folder in "MediBuddy" target */,
			);
			path = MediBuddy;
			sourceTree = "<group>";
		};
		709123DA2CA879FD003120A7 /* MediBuddyTests */ = {
			isa = PBXFileSystemSynchronizedRootGroup;
			path = MediBuddyTests;
			sourceTree = "<group>";
		};
		709123E42CA879FD003120A7 /* MediBuddyUITests */ = {
			isa = PBXFileSystemSynchronizedRootGroup;
			path = MediBuddyUITests;
			sourceTree = "<group>";
		};
/* End PBXFileSystemSynchronizedRootGroup section */

/* Begin PBXFrameworksBuildPhase section */
		709123BE2CA879FC003120A7 /* Frameworks */ = {
			isa = PBXFrameworksBuildPhase;
			buildActionMask = 2147483647;
			files = (
				709D8CA02CAA223D00E7068F /* SVProgressHUD in Frameworks */,
				709D8CA22CAA22A200E7068F /* Lottie in Frameworks */,
			);
			runOnlyForDeploymentPostprocessing = 0;
		};
		709123D42CA879FD003120A7 /* Frameworks */ = {
			isa = PBXFrameworksBuildPhase;
			buildActionMask = 2147483647;
			files = (
			);
			runOnlyForDeploymentPostprocessing = 0;
		};
		709123DE2CA879FD003120A7 /* Frameworks */ = {
			isa = PBXFrameworksBuildPhase;
			buildActionMask = 2147483647;
			files = (
			);
			runOnlyForDeploymentPostprocessing = 0;
		};
/* End PBXFrameworksBuildPhase section */

/* Begin PBXGroup section */
		709123B82CA879FC003120A7 = {
			isa = PBXGroup;
			children = (
				709123C32CA879FC003120A7 /* MediBuddy */,
				709123DA2CA879FD003120A7 /* MediBuddyTests */,
				709123E42CA879FD003120A7 /* MediBuddyUITests */,
				709123C22CA879FC003120A7 /* Products */,
			);
			sourceTree = "<group>";
		};
		709123C22CA879FC003120A7 /* Products */ = {
			isa = PBXGroup;
			children = (
				709123C12CA879FC003120A7 /* MediBuddy.app */,
				709123D72CA879FD003120A7 /* MediBuddyTests.xctest */,
				709123E12CA879FD003120A7 /* MediBuddyUITests.xctest */,
			);
			name = Products;
			sourceTree = "<group>";
		};
/* End PBXGroup section */

/* Begin PBXNativeTarget section */
		709123C02CA879FC003120A7 /* MediBuddy */ = {
			isa = PBXNativeTarget;
			buildConfigurationList = 709123EA2CA879FD003120A7 /* Build configuration list for PBXNativeTarget "MediBuddy" */;
			buildPhases = (
				709123BD2CA879FC003120A7 /* Sources */,
				709123BE2CA879FC003120A7 /* Frameworks */,
				709123BF2CA879FC003120A7 /* Resources */,
			);
			buildRules = (
			);
			dependencies = (
			);
			fileSystemSynchronizedGroups = (
				709123C32CA879FC003120A7 /* MediBuddy */,
			);
			name = MediBuddy;
			packageProductDependencies = (
				709D8C9F2CAA223D00E7068F /* SVProgressHUD */,
				709D8CA12CAA22A200E7068F /* Lottie */,
			);
			productName = MediBuddy;
			productReference = 709123C12CA879FC003120A7 /* MediBuddy.app */;
			productType = "com.apple.product-type.application";
		};
		709123D62CA879FD003120A7 /* MediBuddyTests */ = {
			isa = PBXNativeTarget;
			buildConfigurationList = 709123EF2CA879FD003120A7 /* Build configuration list for PBXNativeTarget "MediBuddyTests" */;
			buildPhases = (
				709123D32CA879FD003120A7 /* Sources */,
				709123D42CA879FD003120A7 /* Frameworks */,
				709123D52CA879FD003120A7 /* Resources */,
			);
			buildRules = (
			);
			dependencies = (
				709123D92CA879FD003120A7 /* PBXTargetDependency */,
			);
			fileSystemSynchronizedGroups = (
				709123DA2CA879FD003120A7 /* MediBuddyTests */,
			);
			name = MediBuddyTests;
			packageProductDependencies = (
			);
			productName = MediBuddyTests;
			productReference = 709123D72CA879FD003120A7 /* MediBuddyTests.xctest */;
			productType = "com.apple.product-type.bundle.unit-test";
		};
		709123E02CA879FD003120A7 /* MediBuddyUITests */ = {
			isa = PBXNativeTarget;
			buildConfigurationList = 709123F22CA879FD003120A7 /* Build configuration list for PBXNativeTarget "MediBuddyUITests" */;
			buildPhases = (
				709123DD2CA879FD003120A7 /* Sources */,
				709123DE2CA879FD003120A7 /* Frameworks */,
				709123DF2CA879FD003120A7 /* Resources */,
			);
			buildRules = (
			);
			dependencies = (
				709123E32CA879FD003120A7 /* PBXTargetDependency */,
			);
			fileSystemSynchronizedGroups = (
				709123E42CA879FD003120A7 /* MediBuddyUITests */,
			);
			name = MediBuddyUITests;
			packageProductDependencies = (
			);
			productName = MediBuddyUITests;
			productReference = 709123E12CA879FD003120A7 /* MediBuddyUITests.xctest */;
			productType = "com.apple.product-type.bundle.ui-testing";
		};
/* End PBXNativeTarget section */

/* Begin PBXProject section */
		709123B92CA879FC003120A7 /* Project object */ = {
			isa = PBXProject;
			attributes = {
				BuildIndependentTargetsInParallel = 1;
				LastSwiftUpdateCheck = 1600;
				LastUpgradeCheck = 1600;
				TargetAttributes = {
					709123C02CA879FC003120A7 = {
						CreatedOnToolsVersion = 16.0;
					};
					709123D62CA879FD003120A7 = {
						CreatedOnToolsVersion = 16.0;
						TestTargetID = 709123C02CA879FC003120A7;
					};
					709123E02CA879FD003120A7 = {
						CreatedOnToolsVersion = 16.0;
						TestTargetID = 709123C02CA879FC003120A7;
					};
				};
			};
			buildConfigurationList = 709123BC2CA879FC003120A7 /* Build configuration list for PBXProject "MediBuddy" */;
			developmentRegion = en;
			hasScannedForEncodings = 0;
			knownRegions = (
				en,
				Base,
			);
			mainGroup = 709123B82CA879FC003120A7;
			minimizedProjectReferenceProxies = 1;
			packageReferences = (
				700325202CA9A60F00D05ECA /* XCRemoteSwiftPackageReference "lottie-spm" */,
				709D8C9E2CAA223D00E7068F /* XCRemoteSwiftPackageReference "SVProgressHUD" */,
			);
			preferredProjectObjectVersion = 77;
			productRefGroup = 709123C22CA879FC003120A7 /* Products */;
			projectDirPath = "";
			projectRoot = "";
			targets = (
				709123C02CA879FC003120A7 /* MediBuddy */,
				709123D62CA879FD003120A7 /* MediBuddyTests */,
				709123E02CA879FD003120A7 /* MediBuddyUITests */,
			);
		};
/* End PBXProject section */

/* Begin PBXResourcesBuildPhase section */
		709123BF2CA879FC003120A7 /* Resources */ = {
			isa = PBXResourcesBuildPhase;
			buildActionMask = 2147483647;
			files = (
			);
			runOnlyForDeploymentPostprocessing = 0;
		};
		709123D52CA879FD003120A7 /* Resources */ = {
			isa = PBXResourcesBuildPhase;
			buildActionMask = 2147483647;
			files = (
			);
			runOnlyForDeploymentPostprocessing = 0;
		};
		709123DF2CA879FD003120A7 /* Resources */ = {
			isa = PBXResourcesBuildPhase;
			buildActionMask = 2147483647;
			files = (
			);
			runOnlyForDeploymentPostprocessing = 0;
		};
/* End PBXResourcesBuildPhase section */

/* Begin PBXSourcesBuildPhase section */
		709123BD2CA879FC003120A7 /* Sources */ = {
			isa = PBXSourcesBuildPhase;
			buildActionMask = 2147483647;
			files = (
			);
			runOnlyForDeploymentPostprocessing = 0;
		};
		709123D32CA879FD003120A7 /* Sources */ = {
			isa = PBXSourcesBuildPhase;
			buildActionMask = 2147483647;
			files = (
			);
			runOnlyForDeploymentPostprocessing = 0;
		};
		709123DD2CA879FD003120A7 /* Sources */ = {
			isa = PBXSourcesBuildPhase;
			buildActionMask = 2147483647;
			files = (
			);
			runOnlyForDeploymentPostprocessing = 0;
		};
/* End PBXSourcesBuildPhase section */

/* Begin PBXTargetDependency section */
		709123D92CA879FD003120A7 /* PBXTargetDependency */ = {
			isa = PBXTargetDependency;
			target = 709123C02CA879FC003120A7 /* MediBuddy */;
			targetProxy = 709123D82CA879FD003120A7 /* PBXContainerItemProxy */;
		};
		709123E32CA879FD003120A7 /* PBXTargetDependency */ = {
			isa = PBXTargetDependency;
			target = 709123C02CA879FC003120A7 /* MediBuddy */;
			targetProxy = 709123E22CA879FD003120A7 /* PBXContainerItemProxy */;
		};
/* End PBXTargetDependency section */

/* Begin XCBuildConfiguration section */
		709123EB2CA879FD003120A7 /* Debug */ = {
			isa = XCBuildConfiguration;
			buildSettings = {
				ASSETCATALOG_COMPILER_APPICON_NAME = AppIcon;
				ASSETCATALOG_COMPILER_GLOBAL_ACCENT_COLOR_NAME = AccentColor;
				CODE_SIGN_STYLE = Automatic;
				CURRENT_PROJECT_VERSION = 1;
				GENERATE_INFOPLIST_FILE = YES;
				INFOPLIST_FILE = MediBuddy/Info.plist;
				INFOPLIST_KEY_UIApplicationSupportsIndirectInputEvents = YES;
				INFOPLIST_KEY_UILaunchStoryboardName = LaunchScreen;
				INFOPLIST_KEY_UIMainStoryboardFile = Main;
				INFOPLIST_KEY_UISupportedInterfaceOrientations_iPad = "UIInterfaceOrientationPortrait UIInterfaceOrientationPortraitUpsideDown UIInterfaceOrientationLandscapeLeft UIInterfaceOrientationLandscapeRight";
				INFOPLIST_KEY_UISupportedInterfaceOrientations_iPhone = "UIInterfaceOrientationPortrait UIInterfaceOrientationLandscapeLeft UIInterfaceOrientationLandscapeRight";
				LD_RUNPATH_SEARCH_PATHS = (
					"$(inherited)",
					"@executable_path/Frameworks",
				);
				MARKETING_VERSION = 1.0;
				PRODUCT_BUNDLE_IDENTIFIER = com.sunny.MediBuddy;
				PRODUCT_NAME = "$(TARGET_NAME)";
				SWIFT_EMIT_LOC_STRINGS = YES;
				SWIFT_VERSION = 5.0;
				TARGETED_DEVICE_FAMILY = "1,2";
			};
			name = Debug;
		};
		709123EC2CA879FD003120A7 /* Release */ = {
			isa = XCBuildConfiguration;
			buildSettings = {
				ASSETCATALOG_COMPILER_APPICON_NAME = AppIcon;
				ASSETCATALOG_COMPILER_GLOBAL_ACCENT_COLOR_NAME = AccentColor;
				CODE_SIGN_STYLE = Automatic;
				CURRENT_PROJECT_VERSION = 1;
				GENERATE_INFOPLIST_FILE = YES;
				INFOPLIST_FILE = MediBuddy/Info.plist;
				INFOPLIST_KEY_UIApplicationSupportsIndirectInputEvents = YES;
				INFOPLIST_KEY_UILaunchStoryboardName = LaunchScreen;
				INFOPLIST_KEY_UIMainStoryboardFile = Main;
				INFOPLIST_KEY_UISupportedInterfaceOrientations_iPad = "UIInterfaceOrientationPortrait UIInterfaceOrientationPortraitUpsideDown UIInterfaceOrientationLandscapeLeft UIInterfaceOrientationLandscapeRight";
				INFOPLIST_KEY_UISupportedInterfaceOrientations_iPhone = "UIInterfaceOrientationPortrait UIInterfaceOrientationLandscapeLeft UIInterfaceOrientationLandscapeRight";
				LD_RUNPATH_SEARCH_PATHS = (
					"$(inherited)",
					"@executable_path/Frameworks",
				);
				MARKETING_VERSION = 1.0;
				PRODUCT_BUNDLE_IDENTIFIER = com.sunny.MediBuddy;
				PRODUCT_NAME = "$(TARGET_NAME)";
				SWIFT_EMIT_LOC_STRINGS = YES;
				SWIFT_VERSION = 5.0;
				TARGETED_DEVICE_FAMILY = "1,2";
			};
			name = Release;
		};
		709123ED2CA879FD003120A7 /* Debug */ = {
			isa = XCBuildConfiguration;
			buildSettings = {
				ALWAYS_SEARCH_USER_PATHS = NO;
				ASSETCATALOG_COMPILER_GENERATE_SWIFT_ASSET_SYMBOL_EXTENSIONS = YES;
				CLANG_ANALYZER_NONNULL = YES;
				CLANG_ANALYZER_NUMBER_OBJECT_CONVERSION = YES_AGGRESSIVE;
				CLANG_CXX_LANGUAGE_STANDARD = "gnu++20";
				CLANG_ENABLE_MODULES = YES;
				CLANG_ENABLE_OBJC_ARC = YES;
				CLANG_ENABLE_OBJC_WEAK = YES;
				CLANG_WARN_BLOCK_CAPTURE_AUTORELEASING = YES;
				CLANG_WARN_BOOL_CONVERSION = YES;
				CLANG_WARN_COMMA = YES;
				CLANG_WARN_CONSTANT_CONVERSION = YES;
				CLANG_WARN_DEPRECATED_OBJC_IMPLEMENTATIONS = YES;
				CLANG_WARN_DIRECT_OBJC_ISA_USAGE = YES_ERROR;
				CLANG_WARN_DOCUMENTATION_COMMENTS = YES;
				CLANG_WARN_EMPTY_BODY = YES;
				CLANG_WARN_ENUM_CONVERSION = YES;
				CLANG_WARN_INFINITE_RECURSION = YES;
				CLANG_WARN_INT_CONVERSION = YES;
				CLANG_WARN_NON_LITERAL_NULL_CONVERSION = YES;
				CLANG_WARN_OBJC_IMPLICIT_RETAIN_SELF = YES;
				CLANG_WARN_OBJC_LITERAL_CONVERSION = YES;
				CLANG_WARN_OBJC_ROOT_CLASS = YES_ERROR;
				CLANG_WARN_QUOTED_INCLUDE_IN_FRAMEWORK_HEADER = YES;
				CLANG_WARN_RANGE_LOOP_ANALYSIS = YES;
				CLANG_WARN_STRICT_PROTOTYPES = YES;
				CLANG_WARN_SUSPICIOUS_MOVE = YES;
				CLANG_WARN_UNGUARDED_AVAILABILITY = YES_AGGRESSIVE;
				CLANG_WARN_UNREACHABLE_CODE = YES;
				CLANG_WARN__DUPLICATE_METHOD_MATCH = YES;
				COPY_PHASE_STRIP = NO;
				DEBUG_INFORMATION_FORMAT = dwarf;
				ENABLE_STRICT_OBJC_MSGSEND = YES;
				ENABLE_TESTABILITY = YES;
				ENABLE_USER_SCRIPT_SANDBOXING = YES;
				GCC_C_LANGUAGE_STANDARD = gnu17;
				GCC_DYNAMIC_NO_PIC = NO;
				GCC_NO_COMMON_BLOCKS = YES;
				GCC_OPTIMIZATION_LEVEL = 0;
				GCC_PREPROCESSOR_DEFINITIONS = (
					"DEBUG=1",
					"$(inherited)",
				);
				GCC_WARN_64_TO_32_BIT_CONVERSION = YES;
				GCC_WARN_ABOUT_RETURN_TYPE = YES_ERROR;
				GCC_WARN_UNDECLARED_SELECTOR = YES;
				GCC_WARN_UNINITIALIZED_AUTOS = YES_AGGRESSIVE;
				GCC_WARN_UNUSED_FUNCTION = YES;
				GCC_WARN_UNUSED_VARIABLE = YES;
				IPHONEOS_DEPLOYMENT_TARGET = 18.0;
				LOCALIZATION_PREFERS_STRING_CATALOGS = YES;
				MTL_ENABLE_DEBUG_INFO = INCLUDE_SOURCE;
				MTL_FAST_MATH = YES;
				ONLY_ACTIVE_ARCH = YES;
				SDKROOT = iphoneos;
				SWIFT_ACTIVE_COMPILATION_CONDITIONS = "DEBUG $(inherited)";
				SWIFT_OPTIMIZATION_LEVEL = "-Onone";
			};
			name = Debug;
		};
		709123EE2CA879FD003120A7 /* Release */ = {
			isa = XCBuildConfiguration;
			buildSettings = {
				ALWAYS_SEARCH_USER_PATHS = NO;
				ASSETCATALOG_COMPILER_GENERATE_SWIFT_ASSET_SYMBOL_EXTENSIONS = YES;
				CLANG_ANALYZER_NONNULL = YES;
				CLANG_ANALYZER_NUMBER_OBJECT_CONVERSION = YES_AGGRESSIVE;
				CLANG_CXX_LANGUAGE_STANDARD = "gnu++20";
				CLANG_ENABLE_MODULES = YES;
				CLANG_ENABLE_OBJC_ARC = YES;
				CLANG_ENABLE_OBJC_WEAK = YES;
				CLANG_WARN_BLOCK_CAPTURE_AUTORELEASING = YES;
				CLANG_WARN_BOOL_CONVERSION = YES;
				CLANG_WARN_COMMA = YES;
				CLANG_WARN_CONSTANT_CONVERSION = YES;
				CLANG_WARN_DEPRECATED_OBJC_IMPLEMENTATIONS = YES;
				CLANG_WARN_DIRECT_OBJC_ISA_USAGE = YES_ERROR;
				CLANG_WARN_DOCUMENTATION_COMMENTS = YES;
				CLANG_WARN_EMPTY_BODY = YES;
				CLANG_WARN_ENUM_CONVERSION = YES;
				CLANG_WARN_INFINITE_RECURSION = YES;
				CLANG_WARN_INT_CONVERSION = YES;
				CLANG_WARN_NON_LITERAL_NULL_CONVERSION = YES;
				CLANG_WARN_OBJC_IMPLICIT_RETAIN_SELF = YES;
				CLANG_WARN_OBJC_LITERAL_CONVERSION = YES;
				CLANG_WARN_OBJC_ROOT_CLASS = YES_ERROR;
				CLANG_WARN_QUOTED_INCLUDE_IN_FRAMEWORK_HEADER = YES;
				CLANG_WARN_RANGE_LOOP_ANALYSIS = YES;
				CLANG_WARN_STRICT_PROTOTYPES = YES;
				CLANG_WARN_SUSPICIOUS_MOVE = YES;
				CLANG_WARN_UNGUARDED_AVAILABILITY = YES_AGGRESSIVE;
				CLANG_WARN_UNREACHABLE_CODE = YES;
				CLANG_WARN__DUPLICATE_METHOD_MATCH = YES;
				COPY_PHASE_STRIP = NO;
				DEBUG_INFORMATION_FORMAT = "dwarf-with-dsym";
				ENABLE_NS_ASSERTIONS = NO;
				ENABLE_STRICT_OBJC_MSGSEND = YES;
				ENABLE_USER_SCRIPT_SANDBOXING = YES;
				GCC_C_LANGUAGE_STANDARD = gnu17;
				GCC_NO_COMMON_BLOCKS = YES;
				GCC_WARN_64_TO_32_BIT_CONVERSION = YES;
				GCC_WARN_ABOUT_RETURN_TYPE = YES_ERROR;
				GCC_WARN_UNDECLARED_SELECTOR = YES;
				GCC_WARN_UNINITIALIZED_AUTOS = YES_AGGRESSIVE;
				GCC_WARN_UNUSED_FUNCTION = YES;
				GCC_WARN_UNUSED_VARIABLE = YES;
				IPHONEOS_DEPLOYMENT_TARGET = 18.0;
				LOCALIZATION_PREFERS_STRING_CATALOGS = YES;
				MTL_ENABLE_DEBUG_INFO = NO;
				MTL_FAST_MATH = YES;
				SDKROOT = iphoneos;
				SWIFT_COMPILATION_MODE = wholemodule;
				VALIDATE_PRODUCT = YES;
			};
			name = Release;
		};
		709123F02CA879FD003120A7 /* Debug */ = {
			isa = XCBuildConfiguration;
			buildSettings = {
				BUNDLE_LOADER = "$(TEST_HOST)";
				CODE_SIGN_STYLE = Automatic;
				CURRENT_PROJECT_VERSION = 1;
				GENERATE_INFOPLIST_FILE = YES;
				IPHONEOS_DEPLOYMENT_TARGET = 18.0;
				MARKETING_VERSION = 1.0;
				PRODUCT_BUNDLE_IDENTIFIER = com.sunny.MediBuddyTests;
				PRODUCT_NAME = "$(TARGET_NAME)";
				SWIFT_EMIT_LOC_STRINGS = NO;
				SWIFT_VERSION = 5.0;
				TARGETED_DEVICE_FAMILY = "1,2";
				TEST_HOST = "$(BUILT_PRODUCTS_DIR)/MediBuddy.app/$(BUNDLE_EXECUTABLE_FOLDER_PATH)/MediBuddy";
			};
			name = Debug;
		};
		709123F12CA879FD003120A7 /* Release */ = {
			isa = XCBuildConfiguration;
			buildSettings = {
				BUNDLE_LOADER = "$(TEST_HOST)";
				CODE_SIGN_STYLE = Automatic;
				CURRENT_PROJECT_VERSION = 1;
				GENERATE_INFOPLIST_FILE = YES;
				IPHONEOS_DEPLOYMENT_TARGET = 18.0;
				MARKETING_VERSION = 1.0;
				PRODUCT_BUNDLE_IDENTIFIER = com.sunny.MediBuddyTests;
				PRODUCT_NAME = "$(TARGET_NAME)";
				SWIFT_EMIT_LOC_STRINGS = NO;
				SWIFT_VERSION = 5.0;
				TARGETED_DEVICE_FAMILY = "1,2";
				TEST_HOST = "$(BUILT_PRODUCTS_DIR)/MediBuddy.app/$(BUNDLE_EXECUTABLE_FOLDER_PATH)/MediBuddy";
			};
			name = Release;
		};
		709123F32CA879FD003120A7 /* Debug */ = {
			isa = XCBuildConfiguration;
			buildSettings = {
				CODE_SIGN_STYLE = Automatic;
				CURRENT_PROJECT_VERSION = 1;
				GENERATE_INFOPLIST_FILE = YES;
				MARKETING_VERSION = 1.0;
				PRODUCT_BUNDLE_IDENTIFIER = com.sunny.MediBuddyUITests;
				PRODUCT_NAME = "$(TARGET_NAME)";
				SWIFT_EMIT_LOC_STRINGS = NO;
				SWIFT_VERSION = 5.0;
				TARGETED_DEVICE_FAMILY = "1,2";
				TEST_TARGET_NAME = MediBuddy;
			};
			name = Debug;
		};
		709123F42CA879FD003120A7 /* Release */ = {
			isa = XCBuildConfiguration;
			buildSettings = {
				CODE_SIGN_STYLE = Automatic;
				CURRENT_PROJECT_VERSION = 1;
				GENERATE_INFOPLIST_FILE = YES;
				MARKETING_VERSION = 1.0;
				PRODUCT_BUNDLE_IDENTIFIER = com.sunny.MediBuddyUITests;
				PRODUCT_NAME = "$(TARGET_NAME)";
				SWIFT_EMIT_LOC_STRINGS = NO;
				SWIFT_VERSION = 5.0;
				TARGETED_DEVICE_FAMILY = "1,2";
				TEST_TARGET_NAME = MediBuddy;
			};
			name = Release;
		};
/* End XCBuildConfiguration section */

/* Begin XCConfigurationList section */
		709123BC2CA879FC003120A7 /* Build configuration list for PBXProject "MediBuddy" */ = {
			isa = XCConfigurationList;
			buildConfigurations = (
				709123ED2CA879FD003120A7 /* Debug */,
				709123EE2CA879FD003120A7 /* Release */,
			);
			defaultConfigurationIsVisible = 0;
			defaultConfigurationName = Release;
		};
		709123EA2CA879FD003120A7 /* Build configuration list for PBXNativeTarget "MediBuddy" */ = {
			isa = XCConfigurationList;
			buildConfigurations = (
				709123EB2CA879FD003120A7 /* Debug */,
				709123EC2CA879FD003120A7 /* Release */,
			);
			defaultConfigurationIsVisible = 0;
			defaultConfigurationName = Release;
		};
		709123EF2CA879FD003120A7 /* Build configuration list for PBXNativeTarget "MediBuddyTests" */ = {
			isa = XCConfigurationList;
			buildConfigurations = (
				709123F02CA879FD003120A7 /* Debug */,
				709123F12CA879FD003120A7 /* Release */,
			);
			defaultConfigurationIsVisible = 0;
			defaultConfigurationName = Release;
		};
		709123F22CA879FD003120A7 /* Build configuration list for PBXNativeTarget "MediBuddyUITests" */ = {
			isa = XCConfigurationList;
			buildConfigurations = (
				709123F32CA879FD003120A7 /* Debug */,
				709123F42CA879FD003120A7 /* Release */,
			);
			defaultConfigurationIsVisible = 0;
			defaultConfigurationName = Release;
		};
/* End XCConfigurationList section */

/* Begin XCRemoteSwiftPackageReference section */
		700325202CA9A60F00D05ECA /* XCRemoteSwiftPackageReference "lottie-spm" */ = {
			isa = XCRemoteSwiftPackageReference;
			repositoryURL = "https://github.com/airbnb/lottie-spm.git";
			requirement = {
				kind = upToNextMajorVersion;
				minimumVersion = 4.5.0;
			};
		};
		709D8C9E2CAA223D00E7068F /* XCRemoteSwiftPackageReference "SVProgressHUD" */ = {
			isa = XCRemoteSwiftPackageReference;
			repositoryURL = "https://github.com/SVProgressHUD/SVProgressHUD.git";
			requirement = {
				kind = upToNextMajorVersion;
				minimumVersion = 2.3.1;
			};
		};
/* End XCRemoteSwiftPackageReference section */

/* Begin XCSwiftPackageProductDependency section */
		709D8C9F2CAA223D00E7068F /* SVProgressHUD */ = {
			isa = XCSwiftPackageProductDependency;
			package = 709D8C9E2CAA223D00E7068F /* XCRemoteSwiftPackageReference "SVProgressHUD" */;
			productName = SVProgressHUD;
		};
		709D8CA12CAA22A200E7068F /* Lottie */ = {
			isa = XCSwiftPackageProductDependency;
			package = 700325202CA9A60F00D05ECA /* XCRemoteSwiftPackageReference "lottie-spm" */;
			productName = Lottie;
		};
/* End XCSwiftPackageProductDependency section */
	};
	rootObject = 709123B92CA879FC003120A7 /* Project object */;
}
